// !$*UTF8*$!
{
	archiveVersion = 1;
	classes = {
	};
	objectVersion = 56;
	objects = {

/* Begin PBXBuildFile section */
		3808733029831C6500371237 /* Assets.xcassets in Resources */ = {isa = PBXBuildFile; fileRef = 380DC36429201488000A0EDD /* Assets.xcassets */; };
		380DC36129201487000A0EDD /* RainyDayLoverApp.swift in Sources */ = {isa = PBXBuildFile; fileRef = 380DC36029201487000A0EDD /* RainyDayLoverApp.swift */; };
		380DC36529201488000A0EDD /* Assets.xcassets in Resources */ = {isa = PBXBuildFile; fileRef = 380DC36429201488000A0EDD /* Assets.xcassets */; };
		380DC36829201488000A0EDD /* Preview Assets.xcassets in Resources */ = {isa = PBXBuildFile; fileRef = 380DC36729201488000A0EDD /* Preview Assets.xcassets */; };
		380DC36F292014CF000A0EDD /* FeedView.swift in Sources */ = {isa = PBXBuildFile; fileRef = 380DC36E292014CF000A0EDD /* FeedView.swift */; };
		380DC37129201574000A0EDD /* ThemeView.swift in Sources */ = {isa = PBXBuildFile; fileRef = 380DC37029201574000A0EDD /* ThemeView.swift */; };
		380DC378292016A9000A0EDD /* FeedData.swift in Sources */ = {isa = PBXBuildFile; fileRef = 380DC377292016A9000A0EDD /* FeedData.swift */; };
		380DC37A29201708000A0EDD /* Post.swift in Sources */ = {isa = PBXBuildFile; fileRef = 380DC37929201708000A0EDD /* Post.swift */; };
		380DC37D29201A39000A0EDD /* PostView.swift in Sources */ = {isa = PBXBuildFile; fileRef = 380DC37C29201A39000A0EDD /* PostView.swift */; };
		380DC37F2921DA94000A0EDD /* NewPostView.swift in Sources */ = {isa = PBXBuildFile; fileRef = 380DC37E2921DA94000A0EDD /* NewPostView.swift */; };
		380DC3812921E0E5000A0EDD /* PhotoSelectView.swift in Sources */ = {isa = PBXBuildFile; fileRef = 380DC3802921E0E5000A0EDD /* PhotoSelectView.swift */; };
		382883AF29480D39009BE4A0 /* UnlockButton.swift in Sources */ = {isa = PBXBuildFile; fileRef = 382883AE29480D39009BE4A0 /* UnlockButton.swift */; };
		382883B52948164D009BE4A0 /* GoogleService-Info.plist in Resources */ = {isa = PBXBuildFile; fileRef = 382883B42948164D009BE4A0 /* GoogleService-Info.plist */; };
		382F6F57292FDB23008AE30F /* SignInView.swift in Sources */ = {isa = PBXBuildFile; fileRef = 382F6F56292FDB23008AE30F /* SignInView.swift */; };
		382F6F5F292FE37C008AE30F /* SessionAuth.swift in Sources */ = {isa = PBXBuildFile; fileRef = 382F6F5E292FE37C008AE30F /* SessionAuth.swift */; };
		382F6F61292FE452008AE30F /* RouteView.swift in Sources */ = {isa = PBXBuildFile; fileRef = 382F6F60292FE452008AE30F /* RouteView.swift */; };
		382F6F63292FEB15008AE30F /* SettingsView.swift in Sources */ = {isa = PBXBuildFile; fileRef = 382F6F62292FEB15008AE30F /* SettingsView.swift */; };
		38307DC7299060ED00ED4B2D /* CommentView.swift in Sources */ = {isa = PBXBuildFile; fileRef = 38307DC6299060EC00ED4B2D /* CommentView.swift */; };
		3834446129243153004770EC /* TabBarView.swift in Sources */ = {isa = PBXBuildFile; fileRef = 3834446029243153004770EC /* TabBarView.swift */; };
		383444672924399B004770EC /* TabBarContainerView.swift in Sources */ = {isa = PBXBuildFile; fileRef = 383444662924399B004770EC /* TabBarContainerView.swift */; };
		3834446929243CFA004770EC /* AppTabBarView.swift in Sources */ = {isa = PBXBuildFile; fileRef = 3834446829243CFA004770EC /* AppTabBarView.swift */; };
		3834446B29243DBA004770EC /* TabBarItemsPreferenceKey.swift in Sources */ = {isa = PBXBuildFile; fileRef = 3834446A29243DBA004770EC /* TabBarItemsPreferenceKey.swift */; };
		3834446D29243FC5004770EC /* TabBarItem.swift in Sources */ = {isa = PBXBuildFile; fileRef = 3834446C29243FC5004770EC /* TabBarItem.swift */; };
		3834446F29248041004770EC /* PostCardView.swift in Sources */ = {isa = PBXBuildFile; fileRef = 3834446E29248041004770EC /* PostCardView.swift */; };
		383444762925AECD004770EC /* FirebaseAnalytics in Frameworks */ = {isa = PBXBuildFile; productRef = 383444752925AECD004770EC /* FirebaseAnalytics */; };
		383444782925AECD004770EC /* FirebaseAuth in Frameworks */ = {isa = PBXBuildFile; productRef = 383444772925AECD004770EC /* FirebaseAuth */; };
		3834447A2925AECD004770EC /* FirebaseDatabase in Frameworks */ = {isa = PBXBuildFile; productRef = 383444792925AECD004770EC /* FirebaseDatabase */; };
		3834447C2925AECD004770EC /* FirebaseDatabaseSwift in Frameworks */ = {isa = PBXBuildFile; productRef = 3834447B2925AECD004770EC /* FirebaseDatabaseSwift */; };
		3834447E2925AECD004770EC /* FirebaseFirestore in Frameworks */ = {isa = PBXBuildFile; productRef = 3834447D2925AECD004770EC /* FirebaseFirestore */; };
		383444802925AECD004770EC /* FirebaseStorage in Frameworks */ = {isa = PBXBuildFile; productRef = 3834447F2925AECD004770EC /* FirebaseStorage */; };
		383444822925B4E7004770EC /* MainView.swift in Sources */ = {isa = PBXBuildFile; fileRef = 383444812925B4E7004770EC /* MainView.swift */; };
		383444842925DFE2004770EC /* DateFunctions.swift in Sources */ = {isa = PBXBuildFile; fileRef = 383444832925DFE2004770EC /* DateFunctions.swift */; };
		383444872926CFC3004770EC /* SDWebImagePhotosPlugin in Frameworks */ = {isa = PBXBuildFile; productRef = 383444862926CFC3004770EC /* SDWebImagePhotosPlugin */; };
		3834448A2926D1D1004770EC /* SDWebImageSwiftUI in Frameworks */ = {isa = PBXBuildFile; productRef = 383444892926D1D1004770EC /* SDWebImageSwiftUI */; };
		386F1C1329283D7E00B45390 /* ColorBlended.swift in Sources */ = {isa = PBXBuildFile; fileRef = 386F1C1229283D7E00B45390 /* ColorBlended.swift */; };
		386F1C162928697500B45390 /* HelpView.swift in Sources */ = {isa = PBXBuildFile; fileRef = 386F1C152928697500B45390 /* HelpView.swift */; };
		386F1C1B292AE56600B45390 /* Shimmer in Frameworks */ = {isa = PBXBuildFile; productRef = 386F1C1A292AE56600B45390 /* Shimmer */; };
		386F1C1D292AEF2500B45390 /* NewPostSettingsView.swift in Sources */ = {isa = PBXBuildFile; fileRef = 386F1C1C292AEF2400B45390 /* NewPostSettingsView.swift */; };
		386F1C1F292B002300B45390 /* NewPostAddView.swift in Sources */ = {isa = PBXBuildFile; fileRef = 386F1C1E292B002300B45390 /* NewPostAddView.swift */; };
		387433A92923E5CC0099C41D /* FileManagerExtension.swift in Sources */ = {isa = PBXBuildFile; fileRef = 387433A82923E5CC0099C41D /* FileManagerExtension.swift */; };
		388352322923236E009876B3 /* TextEditView.swift in Sources */ = {isa = PBXBuildFile; fileRef = 388352312923236E009876B3 /* TextEditView.swift */; };
		388B09D5292C1512000203CA /* ColorSelectionView.swift in Sources */ = {isa = PBXBuildFile; fileRef = 388B09D4292C1512000203CA /* ColorSelectionView.swift */; };
		388B09D7292C1521000203CA /* FrameSizeSelectionView.swift in Sources */ = {isa = PBXBuildFile; fileRef = 388B09D6292C1521000203CA /* FrameSizeSelectionView.swift */; };
		38B66D2B296CA59B007CE718 /* LocationManager.swift in Sources */ = {isa = PBXBuildFile; fileRef = 38B66D2A296CA59B007CE718 /* LocationManager.swift */; };
		38B66D2F296CBCD2007CE718 /* LocationView.swift in Sources */ = {isa = PBXBuildFile; fileRef = 38B66D2E296CBCD2007CE718 /* LocationView.swift */; };
		38D3D9F629520062006B1E67 /* Profile.swift in Sources */ = {isa = PBXBuildFile; fileRef = 38D3D9F529520062006B1E67 /* Profile.swift */; };
		38D3DA0A295370B0006B1E67 /* IQKeyboardManagerSwift in Frameworks */ = {isa = PBXBuildFile; productRef = 38D3DA09295370B0006B1E67 /* IQKeyboardManagerSwift */; };
		38E4795B297F1FBD0054E098 /* WidgetKit.framework in Frameworks */ = {isa = PBXBuildFile; fileRef = 38E4795A297F1FBD0054E098 /* WidgetKit.framework */; };
		38E4795D297F1FBD0054E098 /* SwiftUI.framework in Frameworks */ = {isa = PBXBuildFile; fileRef = 38E4795C297F1FBD0054E098 /* SwiftUI.framework */; };
		38E47960297F1FBD0054E098 /* RainyDayLoverWidgetBundle.swift in Sources */ = {isa = PBXBuildFile; fileRef = 38E4795F297F1FBD0054E098 /* RainyDayLoverWidgetBundle.swift */; };
		38E47962297F1FBD0054E098 /* RainyDayLoverWidgetLiveActivity.swift in Sources */ = {isa = PBXBuildFile; fileRef = 38E47961297F1FBD0054E098 /* RainyDayLoverWidgetLiveActivity.swift */; };
		38E47964297F1FBD0054E098 /* RainyDayLoverWidget.swift in Sources */ = {isa = PBXBuildFile; fileRef = 38E47963297F1FBD0054E098 /* RainyDayLoverWidget.swift */; };
		38E47966297F1FBF0054E098 /* Assets.xcassets in Resources */ = {isa = PBXBuildFile; fileRef = 38E47965297F1FBF0054E098 /* Assets.xcassets */; };
		38E4796A297F1FC00054E098 /* RainyDayLoverWidgetExtension.appex in Embed Foundation Extensions */ = {isa = PBXBuildFile; fileRef = 38E47958297F1FBD0054E098 /* RainyDayLoverWidgetExtension.appex */; settings = {ATTRIBUTES = (RemoveHeadersOnCopy, ); }; };
		38E479732981C9B50054E098 /* Secrets.swift in Sources */ = {isa = PBXBuildFile; fileRef = 38E479722981C9B50054E098 /* Secrets.swift */; };
		38E479742981E4AE0054E098 /* Secrets.swift in Sources */ = {isa = PBXBuildFile; fileRef = 38E479722981C9B50054E098 /* Secrets.swift */; };
		38E47976298227D70054E098 /* FirebaseAuth in Frameworks */ = {isa = PBXBuildFile; productRef = 38E47975298227D70054E098 /* FirebaseAuth */; };
		38E47978298227D70054E098 /* FirebaseFirestore in Frameworks */ = {isa = PBXBuildFile; productRef = 38E47977298227D70054E098 /* FirebaseFirestore */; };
		38E4797A298227D70054E098 /* FirebaseStorage in Frameworks */ = {isa = PBXBuildFile; productRef = 38E47979298227D70054E098 /* FirebaseStorage */; };
		38E4797C29822DC10054E098 /* SDWebImageSwiftUI in Frameworks */ = {isa = PBXBuildFile; productRef = 38E4797B29822DC10054E098 /* SDWebImageSwiftUI */; };
		38E4797D29822E300054E098 /* GoogleService-Info.plist in Resources */ = {isa = PBXBuildFile; fileRef = 382883B42948164D009BE4A0 /* GoogleService-Info.plist */; };
		38F72A642947C778009B7E8A /* HelpData.swift in Sources */ = {isa = PBXBuildFile; fileRef = 38F72A632947C778009B7E8A /* HelpData.swift */; };
		38F72A662947C82B009B7E8A /* Help.swift in Sources */ = {isa = PBXBuildFile; fileRef = 38F72A652947C82B009B7E8A /* Help.swift */; };
		38F72A682947CC35009B7E8A /* HelpCardView.swift in Sources */ = {isa = PBXBuildFile; fileRef = 38F72A672947CC35009B7E8A /* HelpCardView.swift */; };
		38F72A6C2947CC7A009B7E8A /* HelpContentView.swift in Sources */ = {isa = PBXBuildFile; fileRef = 38F72A6B2947CC7A009B7E8A /* HelpContentView.swift */; };
/* End PBXBuildFile section */

/* Begin PBXContainerItemProxy section */
		38E47968297F1FC00054E098 /* PBXContainerItemProxy */ = {
			isa = PBXContainerItemProxy;
			containerPortal = 380DC35529201487000A0EDD /* Project object */;
			proxyType = 1;
			remoteGlobalIDString = 38E47957297F1FBC0054E098;
			remoteInfo = RainyDayLoverWidgetExtension;
		};
/* End PBXContainerItemProxy section */

/* Begin PBXCopyFilesBuildPhase section */
		38E4796B297F1FC00054E098 /* Embed Foundation Extensions */ = {
			isa = PBXCopyFilesBuildPhase;
			buildActionMask = 2147483647;
			dstPath = "";
			dstSubfolderSpec = 13;
			files = (
				38E4796A297F1FC00054E098 /* RainyDayLoverWidgetExtension.appex in Embed Foundation Extensions */,
			);
			name = "Embed Foundation Extensions";
			runOnlyForDeploymentPostprocessing = 0;
		};
/* End PBXCopyFilesBuildPhase section */

/* Begin PBXFileReference section */
		380DC35D29201487000A0EDD /* RainyDayLover.app */ = {isa = PBXFileReference; explicitFileType = wrapper.application; includeInIndex = 0; path = RainyDayLover.app; sourceTree = BUILT_PRODUCTS_DIR; };
		380DC36029201487000A0EDD /* RainyDayLoverApp.swift */ = {isa = PBXFileReference; lastKnownFileType = sourcecode.swift; path = RainyDayLoverApp.swift; sourceTree = "<group>"; };
		380DC36429201488000A0EDD /* Assets.xcassets */ = {isa = PBXFileReference; lastKnownFileType = folder.assetcatalog; path = Assets.xcassets; sourceTree = "<group>"; };
		380DC36729201488000A0EDD /* Preview Assets.xcassets */ = {isa = PBXFileReference; lastKnownFileType = folder.assetcatalog; path = "Preview Assets.xcassets"; sourceTree = "<group>"; };
		380DC36E292014CF000A0EDD /* FeedView.swift */ = {isa = PBXFileReference; lastKnownFileType = sourcecode.swift; path = FeedView.swift; sourceTree = "<group>"; };
		380DC37029201574000A0EDD /* ThemeView.swift */ = {isa = PBXFileReference; lastKnownFileType = sourcecode.swift; path = ThemeView.swift; sourceTree = "<group>"; };
		380DC377292016A9000A0EDD /* FeedData.swift */ = {isa = PBXFileReference; lastKnownFileType = sourcecode.swift; path = FeedData.swift; sourceTree = "<group>"; };
		380DC37929201708000A0EDD /* Post.swift */ = {isa = PBXFileReference; lastKnownFileType = sourcecode.swift; path = Post.swift; sourceTree = "<group>"; };
		380DC37C29201A39000A0EDD /* PostView.swift */ = {isa = PBXFileReference; lastKnownFileType = sourcecode.swift; path = PostView.swift; sourceTree = "<group>"; };
		380DC37E2921DA94000A0EDD /* NewPostView.swift */ = {isa = PBXFileReference; lastKnownFileType = sourcecode.swift; path = NewPostView.swift; sourceTree = "<group>"; };
		380DC3802921E0E5000A0EDD /* PhotoSelectView.swift */ = {isa = PBXFileReference; lastKnownFileType = sourcecode.swift; path = PhotoSelectView.swift; sourceTree = "<group>"; };
		380DC3822921E5FE000A0EDD /* Info.plist */ = {isa = PBXFileReference; lastKnownFileType = text.plist; path = Info.plist; sourceTree = "<group>"; };
		382883AE29480D39009BE4A0 /* UnlockButton.swift */ = {isa = PBXFileReference; lastKnownFileType = sourcecode.swift; path = UnlockButton.swift; sourceTree = "<group>"; };
		382883B42948164D009BE4A0 /* GoogleService-Info.plist */ = {isa = PBXFileReference; fileEncoding = 4; lastKnownFileType = text.plist.xml; path = "GoogleService-Info.plist"; sourceTree = "<group>"; };
		382F6F56292FDB23008AE30F /* SignInView.swift */ = {isa = PBXFileReference; lastKnownFileType = sourcecode.swift; path = SignInView.swift; sourceTree = "<group>"; };
		382F6F5E292FE37C008AE30F /* SessionAuth.swift */ = {isa = PBXFileReference; lastKnownFileType = sourcecode.swift; path = SessionAuth.swift; sourceTree = "<group>"; };
		382F6F60292FE452008AE30F /* RouteView.swift */ = {isa = PBXFileReference; lastKnownFileType = sourcecode.swift; path = RouteView.swift; sourceTree = "<group>"; };
		382F6F62292FEB15008AE30F /* SettingsView.swift */ = {isa = PBXFileReference; lastKnownFileType = sourcecode.swift; path = SettingsView.swift; sourceTree = "<group>"; };
		38307DC6299060EC00ED4B2D /* CommentView.swift */ = {isa = PBXFileReference; lastKnownFileType = sourcecode.swift; path = CommentView.swift; sourceTree = "<group>"; };
		3834446029243153004770EC /* TabBarView.swift */ = {isa = PBXFileReference; lastKnownFileType = sourcecode.swift; path = TabBarView.swift; sourceTree = "<group>"; };
		383444662924399B004770EC /* TabBarContainerView.swift */ = {isa = PBXFileReference; lastKnownFileType = sourcecode.swift; path = TabBarContainerView.swift; sourceTree = "<group>"; };
		3834446829243CFA004770EC /* AppTabBarView.swift */ = {isa = PBXFileReference; lastKnownFileType = sourcecode.swift; path = AppTabBarView.swift; sourceTree = "<group>"; };
		3834446A29243DBA004770EC /* TabBarItemsPreferenceKey.swift */ = {isa = PBXFileReference; lastKnownFileType = sourcecode.swift; path = TabBarItemsPreferenceKey.swift; sourceTree = "<group>"; };
		3834446C29243FC5004770EC /* TabBarItem.swift */ = {isa = PBXFileReference; lastKnownFileType = sourcecode.swift; path = TabBarItem.swift; sourceTree = "<group>"; };
		3834446E29248041004770EC /* PostCardView.swift */ = {isa = PBXFileReference; lastKnownFileType = sourcecode.swift; path = PostCardView.swift; sourceTree = "<group>"; };
		383444812925B4E7004770EC /* MainView.swift */ = {isa = PBXFileReference; lastKnownFileType = sourcecode.swift; path = MainView.swift; sourceTree = "<group>"; };
		383444832925DFE2004770EC /* DateFunctions.swift */ = {isa = PBXFileReference; lastKnownFileType = sourcecode.swift; path = DateFunctions.swift; sourceTree = "<group>"; };
		386F1C1229283D7E00B45390 /* ColorBlended.swift */ = {isa = PBXFileReference; lastKnownFileType = sourcecode.swift; path = ColorBlended.swift; sourceTree = "<group>"; };
		386F1C152928697500B45390 /* HelpView.swift */ = {isa = PBXFileReference; lastKnownFileType = sourcecode.swift; path = HelpView.swift; sourceTree = "<group>"; };
		386F1C1C292AEF2400B45390 /* NewPostSettingsView.swift */ = {isa = PBXFileReference; lastKnownFileType = sourcecode.swift; path = NewPostSettingsView.swift; sourceTree = "<group>"; };
		386F1C1E292B002300B45390 /* NewPostAddView.swift */ = {isa = PBXFileReference; lastKnownFileType = sourcecode.swift; path = NewPostAddView.swift; sourceTree = "<group>"; };
		387433A82923E5CC0099C41D /* FileManagerExtension.swift */ = {isa = PBXFileReference; lastKnownFileType = sourcecode.swift; path = FileManagerExtension.swift; sourceTree = "<group>"; };
		388352312923236E009876B3 /* TextEditView.swift */ = {isa = PBXFileReference; lastKnownFileType = sourcecode.swift; path = TextEditView.swift; sourceTree = "<group>"; };
		388B09D4292C1512000203CA /* ColorSelectionView.swift */ = {isa = PBXFileReference; lastKnownFileType = sourcecode.swift; path = ColorSelectionView.swift; sourceTree = "<group>"; };
		388B09D6292C1521000203CA /* FrameSizeSelectionView.swift */ = {isa = PBXFileReference; lastKnownFileType = sourcecode.swift; path = FrameSizeSelectionView.swift; sourceTree = "<group>"; };
		38B66D2A296CA59B007CE718 /* LocationManager.swift */ = {isa = PBXFileReference; lastKnownFileType = sourcecode.swift; path = LocationManager.swift; sourceTree = "<group>"; };
		38B66D2E296CBCD2007CE718 /* LocationView.swift */ = {isa = PBXFileReference; lastKnownFileType = sourcecode.swift; path = LocationView.swift; sourceTree = "<group>"; };
		38D3D9F529520062006B1E67 /* Profile.swift */ = {isa = PBXFileReference; lastKnownFileType = sourcecode.swift; path = Profile.swift; sourceTree = "<group>"; };
		38E47958297F1FBD0054E098 /* RainyDayLoverWidgetExtension.appex */ = {isa = PBXFileReference; explicitFileType = "wrapper.app-extension"; includeInIndex = 0; path = RainyDayLoverWidgetExtension.appex; sourceTree = BUILT_PRODUCTS_DIR; };
		38E4795A297F1FBD0054E098 /* WidgetKit.framework */ = {isa = PBXFileReference; lastKnownFileType = wrapper.framework; name = WidgetKit.framework; path = System/Library/Frameworks/WidgetKit.framework; sourceTree = SDKROOT; };
		38E4795C297F1FBD0054E098 /* SwiftUI.framework */ = {isa = PBXFileReference; lastKnownFileType = wrapper.framework; name = SwiftUI.framework; path = System/Library/Frameworks/SwiftUI.framework; sourceTree = SDKROOT; };
		38E4795F297F1FBD0054E098 /* RainyDayLoverWidgetBundle.swift */ = {isa = PBXFileReference; lastKnownFileType = sourcecode.swift; path = RainyDayLoverWidgetBundle.swift; sourceTree = "<group>"; };
		38E47961297F1FBD0054E098 /* RainyDayLoverWidgetLiveActivity.swift */ = {isa = PBXFileReference; lastKnownFileType = sourcecode.swift; path = RainyDayLoverWidgetLiveActivity.swift; sourceTree = "<group>"; };
		38E47963297F1FBD0054E098 /* RainyDayLoverWidget.swift */ = {isa = PBXFileReference; lastKnownFileType = sourcecode.swift; path = RainyDayLoverWidget.swift; sourceTree = "<group>"; };
		38E47965297F1FBF0054E098 /* Assets.xcassets */ = {isa = PBXFileReference; lastKnownFileType = folder.assetcatalog; path = Assets.xcassets; sourceTree = "<group>"; };
		38E47967297F1FBF0054E098 /* Info.plist */ = {isa = PBXFileReference; lastKnownFileType = text.plist.xml; path = Info.plist; sourceTree = "<group>"; };
		38E47971297F22B80054E098 /* RainyDayLover.entitlements */ = {isa = PBXFileReference; lastKnownFileType = text.plist.entitlements; path = RainyDayLover.entitlements; sourceTree = "<group>"; };
		38E479722981C9B50054E098 /* Secrets.swift */ = {isa = PBXFileReference; lastKnownFileType = sourcecode.swift; path = Secrets.swift; sourceTree = "<group>"; };
		38E4797E29822E570054E098 /* RainyDayLoverWidgetExtension.entitlements */ = {isa = PBXFileReference; lastKnownFileType = text.plist.entitlements; path = RainyDayLoverWidgetExtension.entitlements; sourceTree = "<group>"; };
		38F72A632947C778009B7E8A /* HelpData.swift */ = {isa = PBXFileReference; lastKnownFileType = sourcecode.swift; path = HelpData.swift; sourceTree = "<group>"; };
		38F72A652947C82B009B7E8A /* Help.swift */ = {isa = PBXFileReference; lastKnownFileType = sourcecode.swift; path = Help.swift; sourceTree = "<group>"; };
		38F72A672947CC35009B7E8A /* HelpCardView.swift */ = {isa = PBXFileReference; lastKnownFileType = sourcecode.swift; path = HelpCardView.swift; sourceTree = "<group>"; };
		38F72A6B2947CC7A009B7E8A /* HelpContentView.swift */ = {isa = PBXFileReference; lastKnownFileType = sourcecode.swift; path = HelpContentView.swift; sourceTree = "<group>"; };
/* End PBXFileReference section */

/* Begin PBXFrameworksBuildPhase section */
		380DC35A29201487000A0EDD /* Frameworks */ = {
			isa = PBXFrameworksBuildPhase;
			buildActionMask = 2147483647;
			files = (
				3834447C2925AECD004770EC /* FirebaseDatabaseSwift in Frameworks */,
				3834447A2925AECD004770EC /* FirebaseDatabase in Frameworks */,
				383444762925AECD004770EC /* FirebaseAnalytics in Frameworks */,
				386F1C1B292AE56600B45390 /* Shimmer in Frameworks */,
				3834447E2925AECD004770EC /* FirebaseFirestore in Frameworks */,
				38D3DA0A295370B0006B1E67 /* IQKeyboardManagerSwift in Frameworks */,
				3834448A2926D1D1004770EC /* SDWebImageSwiftUI in Frameworks */,
				383444782925AECD004770EC /* FirebaseAuth in Frameworks */,
				383444872926CFC3004770EC /* SDWebImagePhotosPlugin in Frameworks */,
				383444802925AECD004770EC /* FirebaseStorage in Frameworks */,
			);
			runOnlyForDeploymentPostprocessing = 0;
		};
		38E47955297F1FBC0054E098 /* Frameworks */ = {
			isa = PBXFrameworksBuildPhase;
			buildActionMask = 2147483647;
			files = (
				38E4797C29822DC10054E098 /* SDWebImageSwiftUI in Frameworks */,
				38E4795D297F1FBD0054E098 /* SwiftUI.framework in Frameworks */,
				38E47978298227D70054E098 /* FirebaseFirestore in Frameworks */,
				38E47976298227D70054E098 /* FirebaseAuth in Frameworks */,
				38E4797A298227D70054E098 /* FirebaseStorage in Frameworks */,
				38E4795B297F1FBD0054E098 /* WidgetKit.framework in Frameworks */,
			);
			runOnlyForDeploymentPostprocessing = 0;
		};
/* End PBXFrameworksBuildPhase section */

/* Begin PBXGroup section */
		380DC35429201487000A0EDD = {
			isa = PBXGroup;
			children = (
				38E4797E29822E570054E098 /* RainyDayLoverWidgetExtension.entitlements */,
				380DC35F29201487000A0EDD /* RainyDayLover */,
				38E4795E297F1FBD0054E098 /* RainyDayLoverWidget */,
				38E47959297F1FBD0054E098 /* Frameworks */,
				380DC35E29201487000A0EDD /* Products */,
			);
			sourceTree = "<group>";
		};
		380DC35E29201487000A0EDD /* Products */ = {
			isa = PBXGroup;
			children = (
				380DC35D29201487000A0EDD /* RainyDayLover.app */,
				38E47958297F1FBD0054E098 /* RainyDayLoverWidgetExtension.appex */,
			);
			name = Products;
			sourceTree = "<group>";
		};
		380DC35F29201487000A0EDD /* RainyDayLover */ = {
			isa = PBXGroup;
			children = (
				38E47971297F22B80054E098 /* RainyDayLover.entitlements */,
				380DC3822921E5FE000A0EDD /* Info.plist */,
				382883B42948164D009BE4A0 /* GoogleService-Info.plist */,
				380DC36029201487000A0EDD /* RainyDayLoverApp.swift */,
				383444812925B4E7004770EC /* MainView.swift */,
				382F6F5E292FE37C008AE30F /* SessionAuth.swift */,
				382F6F60292FE452008AE30F /* RouteView.swift */,
				386F1C14292868DA00B45390 /* Pages */,
				380DC37B29201A25000A0EDD /* Cards */,
				380DC37329201674000A0EDD /* Data */,
				3834446529243985004770EC /* TabBar */,
				380DC37029201574000A0EDD /* ThemeView.swift */,
				38B66D2A296CA59B007CE718 /* LocationManager.swift */,
				386F1C1229283D7E00B45390 /* ColorBlended.swift */,
				380DC36429201488000A0EDD /* Assets.xcassets */,
				380DC36629201488000A0EDD /* Preview Content */,
				38E479722981C9B50054E098 /* Secrets.swift */,
			);
			path = RainyDayLover;
			sourceTree = "<group>";
		};
		380DC36629201488000A0EDD /* Preview Content */ = {
			isa = PBXGroup;
			children = (
				380DC36729201488000A0EDD /* Preview Assets.xcassets */,
			);
			path = "Preview Content";
			sourceTree = "<group>";
		};
		380DC37329201674000A0EDD /* Data */ = {
			isa = PBXGroup;
			children = (
				380DC37929201708000A0EDD /* Post.swift */,
				38D3D9F529520062006B1E67 /* Profile.swift */,
				380DC377292016A9000A0EDD /* FeedData.swift */,
				387433A82923E5CC0099C41D /* FileManagerExtension.swift */,
				383444832925DFE2004770EC /* DateFunctions.swift */,
				38F72A632947C778009B7E8A /* HelpData.swift */,
				38F72A652947C82B009B7E8A /* Help.swift */,
			);
			path = Data;
			sourceTree = "<group>";
		};
		380DC37B29201A25000A0EDD /* Cards */ = {
			isa = PBXGroup;
			children = (
				380DC37C29201A39000A0EDD /* PostView.swift */,
				3834446E29248041004770EC /* PostCardView.swift */,
				380DC3802921E0E5000A0EDD /* PhotoSelectView.swift */,
				388352312923236E009876B3 /* TextEditView.swift */,
				388B09D4292C1512000203CA /* ColorSelectionView.swift */,
				388B09D6292C1521000203CA /* FrameSizeSelectionView.swift */,
				38F72A672947CC35009B7E8A /* HelpCardView.swift */,
				38F72A6B2947CC7A009B7E8A /* HelpContentView.swift */,
				382883AE29480D39009BE4A0 /* UnlockButton.swift */,
				38B66D2E296CBCD2007CE718 /* LocationView.swift */,
				38307DC6299060EC00ED4B2D /* CommentView.swift */,
			);
			path = Cards;
			sourceTree = "<group>";
		};
		382F6F54292FD6B3008AE30F /* NewPost */ = {
			isa = PBXGroup;
			children = (
				380DC37E2921DA94000A0EDD /* NewPostView.swift */,
				386F1C1E292B002300B45390 /* NewPostAddView.swift */,
				386F1C1C292AEF2400B45390 /* NewPostSettingsView.swift */,
			);
			path = NewPost;
			sourceTree = "<group>";
		};
		382F6F55292FD6D1008AE30F /* Signin */ = {
			isa = PBXGroup;
			children = (
				382F6F56292FDB23008AE30F /* SignInView.swift */,
			);
			path = Signin;
			sourceTree = "<group>";
		};
		3834446529243985004770EC /* TabBar */ = {
			isa = PBXGroup;
			children = (
				3834446029243153004770EC /* TabBarView.swift */,
				383444662924399B004770EC /* TabBarContainerView.swift */,
				3834446829243CFA004770EC /* AppTabBarView.swift */,
				3834446A29243DBA004770EC /* TabBarItemsPreferenceKey.swift */,
				3834446C29243FC5004770EC /* TabBarItem.swift */,
			);
			path = TabBar;
			sourceTree = "<group>";
		};
		386F1C14292868DA00B45390 /* Pages */ = {
			isa = PBXGroup;
			children = (
				382F6F55292FD6D1008AE30F /* Signin */,
				382F6F54292FD6B3008AE30F /* NewPost */,
				380DC36E292014CF000A0EDD /* FeedView.swift */,
				386F1C152928697500B45390 /* HelpView.swift */,
				382F6F62292FEB15008AE30F /* SettingsView.swift */,
			);
			path = Pages;
			sourceTree = "<group>";
		};
		38E47959297F1FBD0054E098 /* Frameworks */ = {
			isa = PBXGroup;
			children = (
				38E4795A297F1FBD0054E098 /* WidgetKit.framework */,
				38E4795C297F1FBD0054E098 /* SwiftUI.framework */,
			);
			name = Frameworks;
			sourceTree = "<group>";
		};
		38E4795E297F1FBD0054E098 /* RainyDayLoverWidget */ = {
			isa = PBXGroup;
			children = (
				38E4795F297F1FBD0054E098 /* RainyDayLoverWidgetBundle.swift */,
				38E47961297F1FBD0054E098 /* RainyDayLoverWidgetLiveActivity.swift */,
				38E47963297F1FBD0054E098 /* RainyDayLoverWidget.swift */,
				38E47965297F1FBF0054E098 /* Assets.xcassets */,
				38E47967297F1FBF0054E098 /* Info.plist */,
			);
			path = RainyDayLoverWidget;
			sourceTree = "<group>";
		};
/* End PBXGroup section */

/* Begin PBXNativeTarget section */
		380DC35C29201487000A0EDD /* RainyDayLover */ = {
			isa = PBXNativeTarget;
			buildConfigurationList = 380DC36B29201488000A0EDD /* Build configuration list for PBXNativeTarget "RainyDayLover" */;
			buildPhases = (
				380DC35929201487000A0EDD /* Sources */,
				380DC35A29201487000A0EDD /* Frameworks */,
				380DC35B29201487000A0EDD /* Resources */,
				38E4796B297F1FC00054E098 /* Embed Foundation Extensions */,
			);
			buildRules = (
			);
			dependencies = (
				38E47969297F1FC00054E098 /* PBXTargetDependency */,
			);
			name = RainyDayLover;
			packageProductDependencies = (
				383444752925AECD004770EC /* FirebaseAnalytics */,
				383444772925AECD004770EC /* FirebaseAuth */,
				383444792925AECD004770EC /* FirebaseDatabase */,
				3834447B2925AECD004770EC /* FirebaseDatabaseSwift */,
				3834447D2925AECD004770EC /* FirebaseFirestore */,
				3834447F2925AECD004770EC /* FirebaseStorage */,
				383444862926CFC3004770EC /* SDWebImagePhotosPlugin */,
				383444892926D1D1004770EC /* SDWebImageSwiftUI */,
				386F1C1A292AE56600B45390 /* Shimmer */,
				38D3DA09295370B0006B1E67 /* IQKeyboardManagerSwift */,
			);
			productName = RainyDayLover;
			productReference = 380DC35D29201487000A0EDD /* RainyDayLover.app */;
			productType = "com.apple.product-type.application";
		};
		38E47957297F1FBC0054E098 /* RainyDayLoverWidgetExtension */ = {
			isa = PBXNativeTarget;
			buildConfigurationList = 38E4796E297F1FC00054E098 /* Build configuration list for PBXNativeTarget "RainyDayLoverWidgetExtension" */;
			buildPhases = (
				38E47954297F1FBC0054E098 /* Sources */,
				38E47955297F1FBC0054E098 /* Frameworks */,
				38E47956297F1FBC0054E098 /* Resources */,
			);
			buildRules = (
			);
			dependencies = (
			);
			name = RainyDayLoverWidgetExtension;
			packageProductDependencies = (
				38E47975298227D70054E098 /* FirebaseAuth */,
				38E47977298227D70054E098 /* FirebaseFirestore */,
				38E47979298227D70054E098 /* FirebaseStorage */,
				38E4797B29822DC10054E098 /* SDWebImageSwiftUI */,
			);
			productName = RainyDayLoverWidgetExtension;
			productReference = 38E47958297F1FBD0054E098 /* RainyDayLoverWidgetExtension.appex */;
			productType = "com.apple.product-type.app-extension";
		};
/* End PBXNativeTarget section */

/* Begin PBXProject section */
		380DC35529201487000A0EDD /* Project object */ = {
			isa = PBXProject;
			attributes = {
				BuildIndependentTargetsInParallel = 1;
				LastSwiftUpdateCheck = 1420;
				LastUpgradeCheck = 1410;
				TargetAttributes = {
					380DC35C29201487000A0EDD = {
						CreatedOnToolsVersion = 14.1;
					};
					38E47957297F1FBC0054E098 = {
						CreatedOnToolsVersion = 14.2;
					};
				};
			};
			buildConfigurationList = 380DC35829201487000A0EDD /* Build configuration list for PBXProject "RainyDayLover" */;
			compatibilityVersion = "Xcode 14.0";
			developmentRegion = en;
			hasScannedForEncodings = 0;
			knownRegions = (
				en,
				Base,
			);
			mainGroup = 380DC35429201487000A0EDD;
			packageReferences = (
				383444742925AECD004770EC /* XCRemoteSwiftPackageReference "firebase-ios-sdk" */,
				383444852926CFC3004770EC /* XCRemoteSwiftPackageReference "SDWebImagePhotosPlugin" */,
				383444882926D1D1004770EC /* XCRemoteSwiftPackageReference "SDWebImageSwiftUI" */,
				386F1C19292AE56600B45390 /* XCRemoteSwiftPackageReference "SwiftUI-Shimmer" */,
				38D3DA08295370AF006B1E67 /* XCRemoteSwiftPackageReference "IQKeyboardManager" */,
			);
			productRefGroup = 380DC35E29201487000A0EDD /* Products */;
			projectDirPath = "";
			projectRoot = "";
			targets = (
				380DC35C29201487000A0EDD /* RainyDayLover */,
				38E47957297F1FBC0054E098 /* RainyDayLoverWidgetExtension */,
			);
		};
/* End PBXProject section */

/* Begin PBXResourcesBuildPhase section */
		380DC35B29201487000A0EDD /* Resources */ = {
			isa = PBXResourcesBuildPhase;
			buildActionMask = 2147483647;
			files = (
				380DC36829201488000A0EDD /* Preview Assets.xcassets in Resources */,
				382883B52948164D009BE4A0 /* GoogleService-Info.plist in Resources */,
				380DC36529201488000A0EDD /* Assets.xcassets in Resources */,
			);
			runOnlyForDeploymentPostprocessing = 0;
		};
		38E47956297F1FBC0054E098 /* Resources */ = {
			isa = PBXResourcesBuildPhase;
			buildActionMask = 2147483647;
			files = (
				38E47966297F1FBF0054E098 /* Assets.xcassets in Resources */,
				3808733029831C6500371237 /* Assets.xcassets in Resources */,
				38E4797D29822E300054E098 /* GoogleService-Info.plist in Resources */,
			);
			runOnlyForDeploymentPostprocessing = 0;
		};
/* End PBXResourcesBuildPhase section */

/* Begin PBXSourcesBuildPhase section */
		380DC35929201487000A0EDD /* Sources */ = {
			isa = PBXSourcesBuildPhase;
			buildActionMask = 2147483647;
			files = (
				3834446929243CFA004770EC /* AppTabBarView.swift in Sources */,
				383444822925B4E7004770EC /* MainView.swift in Sources */,
				388B09D5292C1512000203CA /* ColorSelectionView.swift in Sources */,
				380DC37129201574000A0EDD /* ThemeView.swift in Sources */,
				380DC36F292014CF000A0EDD /* FeedView.swift in Sources */,
				38B66D2F296CBCD2007CE718 /* LocationView.swift in Sources */,
				386F1C1329283D7E00B45390 /* ColorBlended.swift in Sources */,
				380DC36129201487000A0EDD /* RainyDayLoverApp.swift in Sources */,
				382F6F61292FE452008AE30F /* RouteView.swift in Sources */,
				383444672924399B004770EC /* TabBarContainerView.swift in Sources */,
				38B66D2B296CA59B007CE718 /* LocationManager.swift in Sources */,
				380DC37F2921DA94000A0EDD /* NewPostView.swift in Sources */,
				38F72A682947CC35009B7E8A /* HelpCardView.swift in Sources */,
				383444842925DFE2004770EC /* DateFunctions.swift in Sources */,
				38F72A6C2947CC7A009B7E8A /* HelpContentView.swift in Sources */,
				3834446D29243FC5004770EC /* TabBarItem.swift in Sources */,
				382F6F57292FDB23008AE30F /* SignInView.swift in Sources */,
				380DC378292016A9000A0EDD /* FeedData.swift in Sources */,
				382F6F63292FEB15008AE30F /* SettingsView.swift in Sources */,
				386F1C1F292B002300B45390 /* NewPostAddView.swift in Sources */,
				3834446F29248041004770EC /* PostCardView.swift in Sources */,
				380DC3812921E0E5000A0EDD /* PhotoSelectView.swift in Sources */,
				386F1C1D292AEF2500B45390 /* NewPostSettingsView.swift in Sources */,
				386F1C162928697500B45390 /* HelpView.swift in Sources */,
				382883AF29480D39009BE4A0 /* UnlockButton.swift in Sources */,
				380DC37D29201A39000A0EDD /* PostView.swift in Sources */,
				382F6F5F292FE37C008AE30F /* SessionAuth.swift in Sources */,
				3834446B29243DBA004770EC /* TabBarItemsPreferenceKey.swift in Sources */,
				38F72A642947C778009B7E8A /* HelpData.swift in Sources */,
				380DC37A29201708000A0EDD /* Post.swift in Sources */,
				388B09D7292C1521000203CA /* FrameSizeSelectionView.swift in Sources */,
				387433A92923E5CC0099C41D /* FileManagerExtension.swift in Sources */,
				38E479732981C9B50054E098 /* Secrets.swift in Sources */,
				38D3D9F629520062006B1E67 /* Profile.swift in Sources */,
				3834446129243153004770EC /* TabBarView.swift in Sources */,
				38F72A662947C82B009B7E8A /* Help.swift in Sources */,
				388352322923236E009876B3 /* TextEditView.swift in Sources */,
				38307DC7299060ED00ED4B2D /* CommentView.swift in Sources */,
			);
			runOnlyForDeploymentPostprocessing = 0;
		};
		38E47954297F1FBC0054E098 /* Sources */ = {
			isa = PBXSourcesBuildPhase;
			buildActionMask = 2147483647;
			files = (
				38E47962297F1FBD0054E098 /* RainyDayLoverWidgetLiveActivity.swift in Sources */,
				38E479742981E4AE0054E098 /* Secrets.swift in Sources */,
				38E47960297F1FBD0054E098 /* RainyDayLoverWidgetBundle.swift in Sources */,
				38E47964297F1FBD0054E098 /* RainyDayLoverWidget.swift in Sources */,
			);
			runOnlyForDeploymentPostprocessing = 0;
		};
/* End PBXSourcesBuildPhase section */

/* Begin PBXTargetDependency section */
		38E47969297F1FC00054E098 /* PBXTargetDependency */ = {
			isa = PBXTargetDependency;
			target = 38E47957297F1FBC0054E098 /* RainyDayLoverWidgetExtension */;
			targetProxy = 38E47968297F1FC00054E098 /* PBXContainerItemProxy */;
		};
/* End PBXTargetDependency section */

/* Begin XCBuildConfiguration section */
		380DC36929201488000A0EDD /* Debug */ = {
			isa = XCBuildConfiguration;
			buildSettings = {
				ALWAYS_SEARCH_USER_PATHS = NO;
				CLANG_ANALYZER_NONNULL = YES;
				CLANG_ANALYZER_NUMBER_OBJECT_CONVERSION = YES_AGGRESSIVE;
				CLANG_CXX_LANGUAGE_STANDARD = "gnu++20";
				CLANG_ENABLE_MODULES = YES;
				CLANG_ENABLE_OBJC_ARC = YES;
				CLANG_ENABLE_OBJC_WEAK = YES;
				CLANG_WARN_BLOCK_CAPTURE_AUTORELEASING = YES;
				CLANG_WARN_BOOL_CONVERSION = YES;
				CLANG_WARN_COMMA = YES;
				CLANG_WARN_CONSTANT_CONVERSION = YES;
				CLANG_WARN_DEPRECATED_OBJC_IMPLEMENTATIONS = YES;
				CLANG_WARN_DIRECT_OBJC_ISA_USAGE = YES_ERROR;
				CLANG_WARN_DOCUMENTATION_COMMENTS = YES;
				CLANG_WARN_EMPTY_BODY = YES;
				CLANG_WARN_ENUM_CONVERSION = YES;
				CLANG_WARN_INFINITE_RECURSION = YES;
				CLANG_WARN_INT_CONVERSION = YES;
				CLANG_WARN_NON_LITERAL_NULL_CONVERSION = YES;
				CLANG_WARN_OBJC_IMPLICIT_RETAIN_SELF = YES;
				CLANG_WARN_OBJC_LITERAL_CONVERSION = YES;
				CLANG_WARN_OBJC_ROOT_CLASS = YES_ERROR;
				CLANG_WARN_QUOTED_INCLUDE_IN_FRAMEWORK_HEADER = YES;
				CLANG_WARN_RANGE_LOOP_ANALYSIS = YES;
				CLANG_WARN_STRICT_PROTOTYPES = YES;
				CLANG_WARN_SUSPICIOUS_MOVE = YES;
				CLANG_WARN_UNGUARDED_AVAILABILITY = YES_AGGRESSIVE;
				CLANG_WARN_UNREACHABLE_CODE = YES;
				CLANG_WARN__DUPLICATE_METHOD_MATCH = YES;
				COPY_PHASE_STRIP = NO;
				DEBUG_INFORMATION_FORMAT = dwarf;
				ENABLE_STRICT_OBJC_MSGSEND = YES;
				ENABLE_TESTABILITY = YES;
				GCC_C_LANGUAGE_STANDARD = gnu11;
				GCC_DYNAMIC_NO_PIC = NO;
				GCC_NO_COMMON_BLOCKS = YES;
				GCC_OPTIMIZATION_LEVEL = 0;
				GCC_PREPROCESSOR_DEFINITIONS = (
					"DEBUG=1",
					"$(inherited)",
				);
				GCC_WARN_64_TO_32_BIT_CONVERSION = YES;
				GCC_WARN_ABOUT_RETURN_TYPE = YES_ERROR;
				GCC_WARN_UNDECLARED_SELECTOR = YES;
				GCC_WARN_UNINITIALIZED_AUTOS = YES_AGGRESSIVE;
				GCC_WARN_UNUSED_FUNCTION = YES;
				GCC_WARN_UNUSED_VARIABLE = YES;
				IPHONEOS_DEPLOYMENT_TARGET = 16.1;
				MTL_ENABLE_DEBUG_INFO = INCLUDE_SOURCE;
				MTL_FAST_MATH = YES;
				ONLY_ACTIVE_ARCH = YES;
				SDKROOT = iphoneos;
				SWIFT_ACTIVE_COMPILATION_CONDITIONS = DEBUG;
				SWIFT_OPTIMIZATION_LEVEL = "-Onone";
			};
			name = Debug;
		};
		380DC36A29201488000A0EDD /* Release */ = {
			isa = XCBuildConfiguration;
			buildSettings = {
				ALWAYS_SEARCH_USER_PATHS = NO;
				CLANG_ANALYZER_NONNULL = YES;
				CLANG_ANALYZER_NUMBER_OBJECT_CONVERSION = YES_AGGRESSIVE;
				CLANG_CXX_LANGUAGE_STANDARD = "gnu++20";
				CLANG_ENABLE_MODULES = YES;
				CLANG_ENABLE_OBJC_ARC = YES;
				CLANG_ENABLE_OBJC_WEAK = YES;
				CLANG_WARN_BLOCK_CAPTURE_AUTORELEASING = YES;
				CLANG_WARN_BOOL_CONVERSION = YES;
				CLANG_WARN_COMMA = YES;
				CLANG_WARN_CONSTANT_CONVERSION = YES;
				CLANG_WARN_DEPRECATED_OBJC_IMPLEMENTATIONS = YES;
				CLANG_WARN_DIRECT_OBJC_ISA_USAGE = YES_ERROR;
				CLANG_WARN_DOCUMENTATION_COMMENTS = YES;
				CLANG_WARN_EMPTY_BODY = YES;
				CLANG_WARN_ENUM_CONVERSION = YES;
				CLANG_WARN_INFINITE_RECURSION = YES;
				CLANG_WARN_INT_CONVERSION = YES;
				CLANG_WARN_NON_LITERAL_NULL_CONVERSION = YES;
				CLANG_WARN_OBJC_IMPLICIT_RETAIN_SELF = YES;
				CLANG_WARN_OBJC_LITERAL_CONVERSION = YES;
				CLANG_WARN_OBJC_ROOT_CLASS = YES_ERROR;
				CLANG_WARN_QUOTED_INCLUDE_IN_FRAMEWORK_HEADER = YES;
				CLANG_WARN_RANGE_LOOP_ANALYSIS = YES;
				CLANG_WARN_STRICT_PROTOTYPES = YES;
				CLANG_WARN_SUSPICIOUS_MOVE = YES;
				CLANG_WARN_UNGUARDED_AVAILABILITY = YES_AGGRESSIVE;
				CLANG_WARN_UNREACHABLE_CODE = YES;
				CLANG_WARN__DUPLICATE_METHOD_MATCH = YES;
				COPY_PHASE_STRIP = NO;
				DEBUG_INFORMATION_FORMAT = "dwarf-with-dsym";
				ENABLE_NS_ASSERTIONS = NO;
				ENABLE_STRICT_OBJC_MSGSEND = YES;
				GCC_C_LANGUAGE_STANDARD = gnu11;
				GCC_NO_COMMON_BLOCKS = YES;
				GCC_WARN_64_TO_32_BIT_CONVERSION = YES;
				GCC_WARN_ABOUT_RETURN_TYPE = YES_ERROR;
				GCC_WARN_UNDECLARED_SELECTOR = YES;
				GCC_WARN_UNINITIALIZED_AUTOS = YES_AGGRESSIVE;
				GCC_WARN_UNUSED_FUNCTION = YES;
				GCC_WARN_UNUSED_VARIABLE = YES;
				IPHONEOS_DEPLOYMENT_TARGET = 16.1;
				MTL_ENABLE_DEBUG_INFO = NO;
				MTL_FAST_MATH = YES;
				ONLY_ACTIVE_ARCH = YES;
				SDKROOT = iphoneos;
				SWIFT_COMPILATION_MODE = wholemodule;
				SWIFT_OPTIMIZATION_LEVEL = "-O";
				VALIDATE_PRODUCT = YES;
			};
			name = Release;
		};
		380DC36C29201488000A0EDD /* Debug */ = {
			isa = XCBuildConfiguration;
			buildSettings = {
				ALWAYS_EMBED_SWIFT_STANDARD_LIBRARIES = YES;
				ASSETCATALOG_COMPILER_APPICON_NAME = AppIcon;
				ASSETCATALOG_COMPILER_GLOBAL_ACCENT_COLOR_NAME = AccentColor;
				CODE_SIGN_ENTITLEMENTS = RainyDayLover/RainyDayLover.entitlements;
				CODE_SIGN_STYLE = Automatic;
				CURRENT_PROJECT_VERSION = 1;
				DEVELOPMENT_ASSET_PATHS = "\"RainyDayLover/Preview Content\"";
				DEVELOPMENT_TEAM = Q8YD26T473;
				ENABLE_PREVIEWS = YES;
				GENERATE_INFOPLIST_FILE = YES;
				INFOPLIST_FILE = RainyDayLover/Info.plist;
				INFOPLIST_KEY_CFBundleDisplayName = rainydaylover;
				INFOPLIST_KEY_LSApplicationCategoryType = "public.app-category.social-networking";
				INFOPLIST_KEY_NSCameraUsageDescription = "For capturing photos for posts in the app.";
				INFOPLIST_KEY_NSLocationWhenInUseUsageDescription = "Location for pictures taken with app";
				INFOPLIST_KEY_NSPhotoLibraryUsageDescription = "Need date and location";
				INFOPLIST_KEY_UIApplicationSceneManifest_Generation = YES;
				INFOPLIST_KEY_UIApplicationSupportsIndirectInputEvents = YES;
				INFOPLIST_KEY_UILaunchScreen_Generation = YES;
				INFOPLIST_KEY_UISupportedInterfaceOrientations = UIInterfaceOrientationPortrait;
				INFOPLIST_KEY_UISupportedInterfaceOrientations_iPad = "UIInterfaceOrientationLandscapeLeft UIInterfaceOrientationLandscapeRight UIInterfaceOrientationPortrait UIInterfaceOrientationPortraitUpsideDown";
				INFOPLIST_KEY_UIUserInterfaceStyle = Light;
				IPHONEOS_DEPLOYMENT_TARGET = 16.0;
				LD_RUNPATH_SEARCH_PATHS = (
					"$(inherited)",
					"@executable_path/Frameworks",
				);
				MARKETING_VERSION = 1.01;
				PRODUCT_BUNDLE_IDENTIFIER = honeysuckle.RainyDayLover;
				PRODUCT_NAME = "$(TARGET_NAME)";
				SUPPORTED_PLATFORMS = "iphoneos iphonesimulator";
				SUPPORTS_MACCATALYST = NO;
				SUPPORTS_MAC_DESIGNED_FOR_IPHONE_IPAD = NO;
				SWIFT_EMIT_LOC_STRINGS = YES;
				SWIFT_VERSION = 5.0;
				TARGETED_DEVICE_FAMILY = 1;
			};
			name = Debug;
		};
		380DC36D29201488000A0EDD /* Release */ = {
			isa = XCBuildConfiguration;
			buildSettings = {
				ALWAYS_EMBED_SWIFT_STANDARD_LIBRARIES = YES;
				ASSETCATALOG_COMPILER_APPICON_NAME = AppIcon;
				ASSETCATALOG_COMPILER_GLOBAL_ACCENT_COLOR_NAME = AccentColor;
				CODE_SIGN_ENTITLEMENTS = RainyDayLover/RainyDayLover.entitlements;
				CODE_SIGN_STYLE = Automatic;
				CURRENT_PROJECT_VERSION = 1;
				DEVELOPMENT_ASSET_PATHS = "\"RainyDayLover/Preview Content\"";
				DEVELOPMENT_TEAM = Q8YD26T473;
				ENABLE_PREVIEWS = YES;
				GENERATE_INFOPLIST_FILE = YES;
				INFOPLIST_FILE = RainyDayLover/Info.plist;
				INFOPLIST_KEY_CFBundleDisplayName = rainydaylover;
				INFOPLIST_KEY_LSApplicationCategoryType = "public.app-category.social-networking";
				INFOPLIST_KEY_NSCameraUsageDescription = "For capturing photos for posts in the app.";
				INFOPLIST_KEY_NSLocationWhenInUseUsageDescription = "Location for pictures taken with app";
				INFOPLIST_KEY_NSPhotoLibraryUsageDescription = "Need date and location";
				INFOPLIST_KEY_UIApplicationSceneManifest_Generation = YES;
				INFOPLIST_KEY_UIApplicationSupportsIndirectInputEvents = YES;
				INFOPLIST_KEY_UILaunchScreen_Generation = YES;
				INFOPLIST_KEY_UISupportedInterfaceOrientations = UIInterfaceOrientationPortrait;
				INFOPLIST_KEY_UISupportedInterfaceOrientations_iPad = "UIInterfaceOrientationLandscapeLeft UIInterfaceOrientationLandscapeRight UIInterfaceOrientationPortrait UIInterfaceOrientationPortraitUpsideDown";
				INFOPLIST_KEY_UIUserInterfaceStyle = Light;
				IPHONEOS_DEPLOYMENT_TARGET = 16.0;
				LD_RUNPATH_SEARCH_PATHS = (
					"$(inherited)",
					"@executable_path/Frameworks",
				);
				MARKETING_VERSION = 1.01;
				PRODUCT_BUNDLE_IDENTIFIER = honeysuckle.RainyDayLover;
				PRODUCT_NAME = "$(TARGET_NAME)";
				SUPPORTED_PLATFORMS = "iphoneos iphonesimulator";
				SUPPORTS_MACCATALYST = NO;
				SUPPORTS_MAC_DESIGNED_FOR_IPHONE_IPAD = NO;
				SWIFT_EMIT_LOC_STRINGS = YES;
				SWIFT_VERSION = 5.0;
				TARGETED_DEVICE_FAMILY = 1;
			};
			name = Release;
		};
		38E4796C297F1FC00054E098 /* Debug */ = {
			isa = XCBuildConfiguration;
			buildSettings = {
				ASSETCATALOG_COMPILER_GLOBAL_ACCENT_COLOR_NAME = AccentColor;
				ASSETCATALOG_COMPILER_WIDGET_BACKGROUND_COLOR_NAME = WidgetBackground;
				CODE_SIGN_ENTITLEMENTS = RainyDayLoverWidgetExtension.entitlements;
				CODE_SIGN_STYLE = Automatic;
				CURRENT_PROJECT_VERSION = 1;
				DEVELOPMENT_TEAM = Q8YD26T473;
				GENERATE_INFOPLIST_FILE = YES;
				INFOPLIST_FILE = RainyDayLoverWidget/Info.plist;
				INFOPLIST_KEY_CFBundleDisplayName = RainyDayLoverWidget;
				INFOPLIST_KEY_NSHumanReadableCopyright = "";
				IPHONEOS_DEPLOYMENT_TARGET = 16.1;
				LD_RUNPATH_SEARCH_PATHS = (
					"$(inherited)",
					"@executable_path/Frameworks",
					"@executable_path/../../Frameworks",
				);
				MARKETING_VERSION = 1.0;
				PRODUCT_BUNDLE_IDENTIFIER = honeysuckle.RainyDayLover.RainyDayLoverWidget;
				PRODUCT_NAME = "$(TARGET_NAME)";
				SKIP_INSTALL = YES;
				SWIFT_EMIT_LOC_STRINGS = YES;
				SWIFT_VERSION = 5.0;
				TARGETED_DEVICE_FAMILY = "1,2";
			};
			name = Debug;
		};
		38E4796D297F1FC00054E098 /* Release */ = {
			isa = XCBuildConfiguration;
			buildSettings = {
				ASSETCATALOG_COMPILER_GLOBAL_ACCENT_COLOR_NAME = AccentColor;
				ASSETCATALOG_COMPILER_WIDGET_BACKGROUND_COLOR_NAME = WidgetBackground;
				CODE_SIGN_ENTITLEMENTS = RainyDayLoverWidgetExtension.entitlements;
				CODE_SIGN_STYLE = Automatic;
				CURRENT_PROJECT_VERSION = 1;
				DEVELOPMENT_TEAM = Q8YD26T473;
				GENERATE_INFOPLIST_FILE = YES;
				INFOPLIST_FILE = RainyDayLoverWidget/Info.plist;
				INFOPLIST_KEY_CFBundleDisplayName = RainyDayLoverWidget;
				INFOPLIST_KEY_NSHumanReadableCopyright = "";
				IPHONEOS_DEPLOYMENT_TARGET = 16.1;
				LD_RUNPATH_SEARCH_PATHS = (
					"$(inherited)",
					"@executable_path/Frameworks",
					"@executable_path/../../Frameworks",
				);
				MARKETING_VERSION = 1.0;
				PRODUCT_BUNDLE_IDENTIFIER = honeysuckle.RainyDayLover.RainyDayLoverWidget;
				PRODUCT_NAME = "$(TARGET_NAME)";
				SKIP_INSTALL = YES;
				SWIFT_EMIT_LOC_STRINGS = YES;
				SWIFT_VERSION = 5.0;
				TARGETED_DEVICE_FAMILY = "1,2";
			};
			name = Release;
		};
/* End XCBuildConfiguration section */

/* Begin XCConfigurationList section */
		380DC35829201487000A0EDD /* Build configuration list for PBXProject "RainyDayLover" */ = {
			isa = XCConfigurationList;
			buildConfigurations = (
				380DC36929201488000A0EDD /* Debug */,
				380DC36A29201488000A0EDD /* Release */,
			);
			defaultConfigurationIsVisible = 0;
			defaultConfigurationName = Release;
		};
		380DC36B29201488000A0EDD /* Build configuration list for PBXNativeTarget "RainyDayLover" */ = {
			isa = XCConfigurationList;
			buildConfigurations = (
				380DC36C29201488000A0EDD /* Debug */,
				380DC36D29201488000A0EDD /* Release */,
			);
			defaultConfigurationIsVisible = 0;
			defaultConfigurationName = Release;
		};
		38E4796E297F1FC00054E098 /* Build configuration list for PBXNativeTarget "RainyDayLoverWidgetExtension" */ = {
			isa = XCConfigurationList;
			buildConfigurations = (
				38E4796C297F1FC00054E098 /* Debug */,
				38E4796D297F1FC00054E098 /* Release */,
			);
			defaultConfigurationIsVisible = 0;
			defaultConfigurationName = Release;
		};
/* End XCConfigurationList section */

/* Begin XCRemoteSwiftPackageReference section */
		383444742925AECD004770EC /* XCRemoteSwiftPackageReference "firebase-ios-sdk" */ = {
			isa = XCRemoteSwiftPackageReference;
			repositoryURL = "https://github.com/firebase/firebase-ios-sdk";
			requirement = {
				kind = upToNextMajorVersion;
				minimumVersion = 9.0.0;
			};
		};
		383444852926CFC3004770EC /* XCRemoteSwiftPackageReference "SDWebImagePhotosPlugin" */ = {
			isa = XCRemoteSwiftPackageReference;
			repositoryURL = "https://github.com/SDWebImage/SDWebImagePhotosPlugin";
			requirement = {
				kind = upToNextMajorVersion;
				minimumVersion = 1.0.0;
			};
		};
		383444882926D1D1004770EC /* XCRemoteSwiftPackageReference "SDWebImageSwiftUI" */ = {
			isa = XCRemoteSwiftPackageReference;
			repositoryURL = "https://github.com/SDWebImage/SDWebImageSwiftUI.git";
			requirement = {
				kind = upToNextMajorVersion;
				minimumVersion = 2.0.0;
			};
		};
		386F1C19292AE56600B45390 /* XCRemoteSwiftPackageReference "SwiftUI-Shimmer" */ = {
			isa = XCRemoteSwiftPackageReference;
			repositoryURL = "https://github.com/markiv/SwiftUI-Shimmer";
			requirement = {
				kind = upToNextMajorVersion;
				minimumVersion = 1.0.0;
			};
		};
		38D3DA08295370AF006B1E67 /* XCRemoteSwiftPackageReference "IQKeyboardManager" */ = {
			isa = XCRemoteSwiftPackageReference;
			repositoryURL = "https://github.com/hackiftekhar/IQKeyboardManager.git";
			requirement = {
				kind = exactVersion;
				version = 6.5.10;
			};
		};
/* End XCRemoteSwiftPackageReference section */

/* Begin XCSwiftPackageProductDependency section */
		383444752925AECD004770EC /* FirebaseAnalytics */ = {
			isa = XCSwiftPackageProductDependency;
			package = 383444742925AECD004770EC /* XCRemoteSwiftPackageReference "firebase-ios-sdk" */;
			productName = FirebaseAnalytics;
		};
		383444772925AECD004770EC /* FirebaseAuth */ = {
			isa = XCSwiftPackageProductDependency;
			package = 383444742925AECD004770EC /* XCRemoteSwiftPackageReference "firebase-ios-sdk" */;
			productName = FirebaseAuth;
		};
		383444792925AECD004770EC /* FirebaseDatabase */ = {
			isa = XCSwiftPackageProductDependency;
			package = 383444742925AECD004770EC /* XCRemoteSwiftPackageReference "firebase-ios-sdk" */;
			productName = FirebaseDatabase;
		};
		3834447B2925AECD004770EC /* FirebaseDatabaseSwift */ = {
			isa = XCSwiftPackageProductDependency;
			package = 383444742925AECD004770EC /* XCRemoteSwiftPackageReference "firebase-ios-sdk" */;
			productName = FirebaseDatabaseSwift;
		};
		3834447D2925AECD004770EC /* FirebaseFirestore */ = {
			isa = XCSwiftPackageProductDependency;
			package = 383444742925AECD004770EC /* XCRemoteSwiftPackageReference "firebase-ios-sdk" */;
			productName = FirebaseFirestore;
		};
		3834447F2925AECD004770EC /* FirebaseStorage */ = {
			isa = XCSwiftPackageProductDependency;
			package = 383444742925AECD004770EC /* XCRemoteSwiftPackageReference "firebase-ios-sdk" */;
			productName = FirebaseStorage;
		};
		383444862926CFC3004770EC /* SDWebImagePhotosPlugin */ = {
			isa = XCSwiftPackageProductDependency;
			package = 383444852926CFC3004770EC /* XCRemoteSwiftPackageReference "SDWebImagePhotosPlugin" */;
			productName = SDWebImagePhotosPlugin;
		};
		383444892926D1D1004770EC /* SDWebImageSwiftUI */ = {
			isa = XCSwiftPackageProductDependency;
			package = 383444882926D1D1004770EC /* XCRemoteSwiftPackageReference "SDWebImageSwiftUI" */;
			productName = SDWebImageSwiftUI;
		};
		386F1C1A292AE56600B45390 /* Shimmer */ = {
			isa = XCSwiftPackageProductDependency;
			package = 386F1C19292AE56600B45390 /* XCRemoteSwiftPackageReference "SwiftUI-Shimmer" */;
			productName = Shimmer;
		};
		38D3DA09295370B0006B1E67 /* IQKeyboardManagerSwift */ = {
			isa = XCSwiftPackageProductDependency;
			package = 38D3DA08295370AF006B1E67 /* XCRemoteSwiftPackageReference "IQKeyboardManager" */;
			productName = IQKeyboardManagerSwift;
		};
		38E47975298227D70054E098 /* FirebaseAuth */ = {
			isa = XCSwiftPackageProductDependency;
			package = 383444742925AECD004770EC /* XCRemoteSwiftPackageReference "firebase-ios-sdk" */;
			productName = FirebaseAuth;
		};
		38E47977298227D70054E098 /* FirebaseFirestore */ = {
			isa = XCSwiftPackageProductDependency;
			package = 383444742925AECD004770EC /* XCRemoteSwiftPackageReference "firebase-ios-sdk" */;
			productName = FirebaseFirestore;
		};
		38E47979298227D70054E098 /* FirebaseStorage */ = {
			isa = XCSwiftPackageProductDependency;
			package = 383444742925AECD004770EC /* XCRemoteSwiftPackageReference "firebase-ios-sdk" */;
			productName = FirebaseStorage;
		};
		38E4797B29822DC10054E098 /* SDWebImageSwiftUI */ = {
			isa = XCSwiftPackageProductDependency;
			package = 383444882926D1D1004770EC /* XCRemoteSwiftPackageReference "SDWebImageSwiftUI" */;
			productName = SDWebImageSwiftUI;
		};
/* End XCSwiftPackageProductDependency section */
	};
	rootObject = 380DC35529201487000A0EDD /* Project object */;
}
